
Microsoft Visual Studio Solution File, Format Version 12.00
# Visual Studio 15
VisualStudioVersion = 15.0.27130.2027
MinimumVisualStudioVersion = 10.0.40219.1
Project("{FAE04EC0-301F-11D3-BF4B-00C04F79EFBC}") = "CollaborativeStoryGitHubGame", "CollaborativeStoryGitHubGame\CollaborativeStoryGitHubGame.csproj", "{5BFE6165-5DEE-4A3D-899B-3CD9350E4116}"
EndProject
Global
	GlobalSection(SolutionConfigurationPlatforms) = preSolution
		Debug|Any CPU = Debug|Any CPU
		Release|Any CPU = Release|Any CPU
	EndGlobalSection
	GlobalSection(ProjectConfigurationPlatforms) = postSolution
		{5BFE6165-5DEE-4A3D-899B-3CD9350E4116}.Debug|Any CPU.ActiveCfg = Debug|Any CPU
		{5BFE6165-5DEE-4A3D-899B-3CD9350E4116}.Debug|Any CPU.Build.0 = Debug|Any CPU
		{5BFE6165-5DEE-4A3D-899B-3CD9350E4116}.Release|Any CPU.ActiveCfg = Release|Any CPU
		{5BFE6165-5DEE-4A3D-899B-3CD9350E4116}.Release|Any CPU.Build.0 = Release|Any CPU
	EndGlobalSection
	GlobalSection(SolutionProperties) = preSolution
		HideSolutionNode = FALSE
	EndGlobalSection
	GlobalSection(ExtensibilityGlobals) = postSolution
		SolutionGuid = {EF1AC073-412F-446D-BEE4-C8F5373662F7}
	EndGlobalSection
EndGlobal
